[[package]]
name = "mistune"
version = "2.0.0rc1"
description = "A sane Markdown parser with useful plugins and renderers"
category = "main"
optional = false
python-versions = "*"

[[package]]
name = "urllib3"
version = "1.26.5"
description = "HTTP library with thread-safe connection pooling, file post, and more."
category = "main"
optional = false
python-versions = ">=2.7, !=3.0.*, !=3.1.*, !=3.2.*, !=3.3.*, !=3.4.*, <4"

[package.extras]
brotli = ["brotlipy (>=0.6.0)"]
secure = ["pyOpenSSL (>=0.14)", "cryptography (>=1.3.4)", "idna (>=2.0.0)", "certifi", "ipaddress"]
socks = ["PySocks (>=1.5.6,!=1.5.7,<2.0)"]

[metadata]
lock-version = "1.1"
python-versions = "^3.7"
content-hash = "2384002c7537ec8eab61cdd3cfcac0015e2c452602e90c4c5e2961b295b34b21"

[metadata.files]
mistune = [
    {file = "mistune-2.0.0rc1-py2.py3-none-any.whl", hash = "sha256:02437870a8d594e61e4f6cff2f56f5104d17d56e3fea5fb234070ede5e7c2eae"},
    {file = "mistune-2.0.0rc1.tar.gz", hash = "sha256:452bdba97c27efc7c1a83823ed0d6a08a9ad6ea5c67648248509f618b68aa7d9"},
]
urllib3 = [
    {file = "urllib3-1.26.5-py2.py3-none-any.whl", hash = "sha256:753a0374df26658f99d826cfe40394a686d05985786d946fbe4165b5148f5a7c"},
    {file = "urllib3-1.26.5.tar.gz", hash = "sha256:a7acd0977125325f516bda9735fa7142b909a8d01e8b2e4c8108d0984e6e0098"},
]
